
Microsoft Visual Studio Solution File, Format Version 12.00
# Visual Studio Version 16
VisualStudioVersion = 16.0.30907.101
MinimumVisualStudioVersion = 10.0.40219.1
Project("{FAE04EC0-301F-11D3-BF4B-00C04F79EFBC}") = "PostFix", "PostFix\PostFix.csproj", "{32D942B8-56C6-47C6-BAE0-07AB4A40846A}"
EndProject
Global
	GlobalSection(SolutionConfigurationPlatforms) = preSolution
		Debug|Any CPU = Debug|Any CPU
		Release|Any CPU = Release|Any CPU
	EndGlobalSection
	GlobalSection(ProjectConfigurationPlatforms) = postSolution
		{32D942B8-56C6-47C6-BAE0-07AB4A40846A}.Debug|Any CPU.ActiveCfg = Debug|Any CPU
		{32D942B8-56C6-47C6-BAE0-07AB4A40846A}.Debug|Any CPU.Build.0 = Debug|Any CPU
		{32D942B8-56C6-47C6-BAE0-07AB4A40846A}.Release|Any CPU.ActiveCfg = Release|Any CPU
		{32D942B8-56C6-47C6-BAE0-07AB4A40846A}.Release|Any CPU.Build.0 = Release|Any CPU
	EndGlobalSection
	GlobalSection(SolutionProperties) = preSolution
		HideSolutionNode = FALSE
	EndGlobalSection
	GlobalSection(ExtensibilityGlobals) = postSolution
		SolutionGuid = {1F931F13-0CF9-433B-824F-15096B3D2347}
	EndGlobalSection
EndGlobal
